
Microsoft Visual Studio Solution File, Format Version 12.00
# Visual Studio Version 16
VisualStudioVersion = 16.0.30804.86
MinimumVisualStudioVersion = 10.0.40219.1
Project("{9A19103F-16F7-4668-BE54-9A1E7A4F7556}") = "DataAccess", "DataAccess\DataAccess.csproj", "{1441E400-25F4-4961-A14C-C3017A91E227}"
EndProject
Project("{9A19103F-16F7-4668-BE54-9A1E7A4F7556}") = "Business", "Business\Business.csproj", "{7BE593AB-7A52-42F0-A171-2509F12E10D3}"
EndProject
Project("{9A19103F-16F7-4668-BE54-9A1E7A4F7556}") = "Entities", "Entities\Entities.csproj", "{D247A584-DF2C-4599-8B46-78EEFA7424A5}"
EndProject
Project("{9A19103F-16F7-4668-BE54-9A1E7A4F7556}") = "ConsoleUI", "ConsoleUI\ConsoleUI.csproj", "{8A2609BE-44AF-4A1F-BCC0-B38153B24A27}"
EndProject
Project("{9A19103F-16F7-4668-BE54-9A1E7A4F7556}") = "Core", "Core\Core.csproj", "{409D8A82-2F0B-46DB-97AF-C0F6C9566B32}"
EndProject
Project("{FAE04EC0-301F-11D3-BF4B-00C04F79EFBC}") = "WebAPI", "WebAPI\WebAPI.csproj", "{98A4BCAF-8044-4753-B27E-51049A839FB2}"
EndProject
Global
	GlobalSection(SolutionConfigurationPlatforms) = preSolution
		Debug|Any CPU = Debug|Any CPU
		Release|Any CPU = Release|Any CPU
	EndGlobalSection
	GlobalSection(ProjectConfigurationPlatforms) = postSolution
		{1441E400-25F4-4961-A14C-C3017A91E227}.Debug|Any CPU.ActiveCfg = Debug|Any CPU
		{1441E400-25F4-4961-A14C-C3017A91E227}.Debug|Any CPU.Build.0 = Debug|Any CPU
		{1441E400-25F4-4961-A14C-C3017A91E227}.Release|Any CPU.ActiveCfg = Release|Any CPU
		{1441E400-25F4-4961-A14C-C3017A91E227}.Release|Any CPU.Build.0 = Release|Any CPU
		{7BE593AB-7A52-42F0-A171-2509F12E10D3}.Debug|Any CPU.ActiveCfg = Debug|Any CPU
		{7BE593AB-7A52-42F0-A171-2509F12E10D3}.Debug|Any CPU.Build.0 = Debug|Any CPU
		{7BE593AB-7A52-42F0-A171-2509F12E10D3}.Release|Any CPU.ActiveCfg = Release|Any CPU
		{7BE593AB-7A52-42F0-A171-2509F12E10D3}.Release|Any CPU.Build.0 = Release|Any CPU
		{D247A584-DF2C-4599-8B46-78EEFA7424A5}.Debug|Any CPU.ActiveCfg = Debug|Any CPU
		{D247A584-DF2C-4599-8B46-78EEFA7424A5}.Debug|Any CPU.Build.0 = Debug|Any CPU
		{D247A584-DF2C-4599-8B46-78EEFA7424A5}.Release|Any CPU.ActiveCfg = Release|Any CPU
		{D247A584-DF2C-4599-8B46-78EEFA7424A5}.Release|Any CPU.Build.0 = Release|Any CPU
		{8A2609BE-44AF-4A1F-BCC0-B38153B24A27}.Debug|Any CPU.ActiveCfg = Debug|Any CPU
		{8A2609BE-44AF-4A1F-BCC0-B38153B24A27}.Debug|Any CPU.Build.0 = Debug|Any CPU
		{8A2609BE-44AF-4A1F-BCC0-B38153B24A27}.Release|Any CPU.ActiveCfg = Release|Any CPU
		{8A2609BE-44AF-4A1F-BCC0-B38153B24A27}.Release|Any CPU.Build.0 = Release|Any CPU
		{409D8A82-2F0B-46DB-97AF-C0F6C9566B32}.Debug|Any CPU.ActiveCfg = Debug|Any CPU
		{409D8A82-2F0B-46DB-97AF-C0F6C9566B32}.Debug|Any CPU.Build.0 = Debug|Any CPU
		{409D8A82-2F0B-46DB-97AF-C0F6C9566B32}.Release|Any CPU.ActiveCfg = Release|Any CPU
		{409D8A82-2F0B-46DB-97AF-C0F6C9566B32}.Release|Any CPU.Build.0 = Release|Any CPU
		{98A4BCAF-8044-4753-B27E-51049A839FB2}.Debug|Any CPU.ActiveCfg = Debug|Any CPU
		{98A4BCAF-8044-4753-B27E-51049A839FB2}.Debug|Any CPU.Build.0 = Debug|Any CPU
		{98A4BCAF-8044-4753-B27E-51049A839FB2}.Release|Any CPU.ActiveCfg = Release|Any CPU
		{98A4BCAF-8044-4753-B27E-51049A839FB2}.Release|Any CPU.Build.0 = Release|Any CPU
	EndGlobalSection
	GlobalSection(SolutionProperties) = preSolution
		HideSolutionNode = FALSE
	EndGlobalSection
	GlobalSection(ExtensibilityGlobals) = postSolution
		SolutionGuid = {55BCA7A3-66E0-4463-AEAD-DEB2B8B238C7}
	EndGlobalSection
EndGlobal
